{
  "version": 4,
  "terraform_version": "1.5.1",
  "serial": 13,
  "lineage": "5f461bd8-37bd-d969-6aa6-30f20cb9ad50",
  "outputs": {},
  "resources": [
    {
      "mode": "managed",
      "type": "scaleway_instance_ip",
      "name": "server_ip",
      "provider": "provider[\"registry.terraform.io/scaleway/scaleway\"]",
      "instances": [
        {
          "schema_version": 0,
          "attributes": {
            "address": "51.158.66.130",
            "id": "fr-par-1/ff89df33-9994-4a94-86ba-39d85cef16fe",
            "organization_id": "8d2bec27-beff-4998-84ef-702b72ff8e5e",
            "prefix": "51.158.66.130/32",
            "project_id": "40472cea-c03f-4c60-baa6-a2950b1d253e",
            "reverse": "",
            "server_id": "",
            "tags": null,
            "timeouts": null,
            "type": "nat",
            "zone": "fr-par-1"
          },
          "sensitive_attributes": [],
          "private": "eyJlMmJmYjczMC1lY2FhLTExZTYtOGY4OC0zNDM2M2JjN2M0YzAiOnsiY3JlYXRlIjo2MDAwMDAwMDAwMCwiZGVmYXVsdCI6NjAwMDAwMDAwMDAsImRlbGV0ZSI6NjAwMDAwMDAwMDAsInJlYWQiOjYwMDAwMDAwMDAwLCJ1cGRhdGUiOjYwMDAwMDAwMDAwfX0="
        }
      ]
    },
    {
      "mode": "managed",
      "type": "scaleway_instance_server",
      "name": "my-instance",
      "provider": "provider[\"registry.terraform.io/scaleway/scaleway\"]",
      "instances": [
        {
          "schema_version": 0,
          "attributes": {
            "additional_volume_ids": [
              "fr-par-1/11b20fa3-ac31-40b0-b217-e7f0d4ba0338"
            ],
            "boot_type": "local",
            "bootscript_id": "fdfe150f-a870-4ce4-b432-9f56b5b995c1",
            "cloud_init": null,
            "enable_dynamic_ip": false,
            "enable_ipv6": false,
            "id": "fr-par-1/3ec3ea94-7785-462c-be0c-26c63989f47c",
            "image": "docker",
            "ip_id": "fr-par-1/ff89df33-9994-4a94-86ba-39d85cef16fe",
            "ip_ids": null,
            "ipv6_address": "",
            "ipv6_gateway": "",
            "ipv6_prefix_length": 0,
            "name": "tf-srv-competent-mestorf",
            "organization_id": "8d2bec27-beff-4998-84ef-702b72ff8e5e",
            "placement_group_id": null,
            "placement_group_policy_respected": null,
            "private_ip": "10.64.170.33",
            "private_network": [],
            "project_id": "40472cea-c03f-4c60-baa6-a2950b1d253e",
            "public_ip": "51.158.66.130",
            "public_ips": [
              {
                "address": "51.158.66.130",
                "id": "fr-par-1/ff89df33-9994-4a94-86ba-39d85cef16fe"
              }
            ],
            "replace_on_type_change": false,
            "root_volume": [
              {
                "boot": false,
                "delete_on_termination": true,
                "name": "docker",
                "size_in_gb": 10,
                "volume_id": "fr-par-1/1dfec9ed-3d98-4664-9c70-b887fc0dcedc",
                "volume_type": "l_ssd"
              }
            ],
            "routed_ip_enabled": false,
            "security_group_id": "fr-par-1/8ccb07a8-3bed-4e48-af65-b6bed32447e2",
            "state": "started",
            "tags": null,
            "timeouts": null,
            "type": "DEV1-S",
            "user_data": {},
            "zone": "fr-par-1"
          },
          "sensitive_attributes": [],
          "private": "eyJlMmJmYjczMC1lY2FhLTExZTYtOGY4OC0zNDM2M2JjN2M0YzAiOnsiY3JlYXRlIjo2MDAwMDAwMDAwMDAsImRlZmF1bHQiOjYwMDAwMDAwMDAwMCwiZGVsZXRlIjo2MDAwMDAwMDAwMDAsInJlYWQiOjYwMDAwMDAwMDAwMCwidXBkYXRlIjo2MDAwMDAwMDAwMDB9fQ==",
          "dependencies": [
            "scaleway_instance_ip.server_ip",
            "scaleway_instance_volume.data"
          ]
        }
      ]
    },
    {
      "mode": "managed",
      "type": "scaleway_instance_volume",
      "name": "data",
      "provider": "provider[\"registry.terraform.io/scaleway/scaleway\"]",
      "instances": [
        {
          "schema_version": 0,
          "attributes": {
            "from_snapshot_id": null,
            "from_volume_id": null,
            "id": "fr-par-1/11b20fa3-ac31-40b0-b217-e7f0d4ba0338",
            "name": "tf-vol-festive-elion",
            "organization_id": "8d2bec27-beff-4998-84ef-702b72ff8e5e",
            "project_id": "40472cea-c03f-4c60-baa6-a2950b1d253e",
            "server_id": "",
            "size_in_gb": 10,
            "tags": null,
            "timeouts": null,
            "type": "l_ssd",
            "zone": "fr-par-1"
          },
          "sensitive_attributes": [],
          "private": "eyJlMmJmYjczMC1lY2FhLTExZTYtOGY4OC0zNDM2M2JjN2M0YzAiOnsiY3JlYXRlIjo2MDAwMDAwMDAwMDAsImRlZmF1bHQiOjYwMDAwMDAwMDAwMCwiZGVsZXRlIjo2MDAwMDAwMDAwMDAsInJlYWQiOjYwMDAwMDAwMDAwMCwidXBkYXRlIjo2MDAwMDAwMDAwMDB9fQ=="
        }
      ]
    }
  ],
  "check_results": null
}
